
Microsoft Visual Studio Solution File, Format Version 12.00
# Visual Studio Version 16
VisualStudioVersion = 16.0.33801.447
MinimumVisualStudioVersion = 10.0.40219.1
Project("{9A19103F-16F7-4668-BE54-9A1E7A4F7556}") = "Quest01", "Quest01\Quest01.csproj", "{773C2086-2B2C-4B8A-BBB0-82D427EE0FE3}"
EndProject
Project("{9A19103F-16F7-4668-BE54-9A1E7A4F7556}") = "Quest02", "Quest02\Quest02.csproj", "{FE6BE38E-B048-476B-977C-56A150A47763}"
EndProject
Project("{9A19103F-16F7-4668-BE54-9A1E7A4F7556}") = "Quest03", "Quest03\Quest03.csproj", "{1D1EBC6A-70C2-4280-8B35-F089DCC00E77}"
EndProject
Project("{9A19103F-16F7-4668-BE54-9A1E7A4F7556}") = "Quest04", "Quest04\Quest04.csproj", "{4689C962-4636-4A08-9661-BE1BA9DF55D9}"
EndProject
Project("{9A19103F-16F7-4668-BE54-9A1E7A4F7556}") = "Quest05", "Quest05\Quest05.csproj", "{E8B3F9E6-E029-4841-9358-CD0D9F556D37}"
EndProject
Project("{9A19103F-16F7-4668-BE54-9A1E7A4F7556}") = "Quest06", "Quest06\Quest06.csproj", "{73FD54D1-E26E-4FF8-B5C2-047CCE730EA1}"
EndProject
Project("{9A19103F-16F7-4668-BE54-9A1E7A4F7556}") = "Quest07", "Quest07\Quest07.csproj", "{FAD739A0-0695-4F0C-8136-3339DE6B4022}"
EndProject
Project("{9A19103F-16F7-4668-BE54-9A1E7A4F7556}") = "Quest08", "Quest08\Quest08.csproj", "{DD34E39B-FFC9-4BC0-9F15-76DE838CF2B4}"
EndProject
Project("{9A19103F-16F7-4668-BE54-9A1E7A4F7556}") = "Quest09", "Quest09\Quest09.csproj", "{BB0D9F62-28C9-489F-92EF-A5A37C9A9074}"
EndProject
Project("{9A19103F-16F7-4668-BE54-9A1E7A4F7556}") = "Quest10", "Quest10\Quest10.csproj", "{622DD475-E622-4E8C-809F-58B0781D56FF}"
EndProject
Project("{9A19103F-16F7-4668-BE54-9A1E7A4F7556}") = "TemporaryWhatIsThis", "TemporaryWhatIsThis\TemporaryWhatIsThis.csproj", "{8BA5FD61-282B-489F-AF7F-B6CBD1DA7F68}"
EndProject
Project("{FAE04EC0-301F-11D3-BF4B-00C04F79EFBC}") = "Quest11", "Quest11\Quest11.csproj", "{6B67F2C3-FB00-482F-B420-8A139C61AF30}"
EndProject
Global
	GlobalSection(SolutionConfigurationPlatforms) = preSolution
		Debug|Any CPU = Debug|Any CPU
		Release|Any CPU = Release|Any CPU
	EndGlobalSection
	GlobalSection(ProjectConfigurationPlatforms) = postSolution
		{773C2086-2B2C-4B8A-BBB0-82D427EE0FE3}.Debug|Any CPU.ActiveCfg = Debug|Any CPU
		{773C2086-2B2C-4B8A-BBB0-82D427EE0FE3}.Debug|Any CPU.Build.0 = Debug|Any CPU
		{773C2086-2B2C-4B8A-BBB0-82D427EE0FE3}.Release|Any CPU.ActiveCfg = Release|Any CPU
		{773C2086-2B2C-4B8A-BBB0-82D427EE0FE3}.Release|Any CPU.Build.0 = Release|Any CPU
		{FE6BE38E-B048-476B-977C-56A150A47763}.Debug|Any CPU.ActiveCfg = Debug|Any CPU
		{FE6BE38E-B048-476B-977C-56A150A47763}.Debug|Any CPU.Build.0 = Debug|Any CPU
		{FE6BE38E-B048-476B-977C-56A150A47763}.Release|Any CPU.ActiveCfg = Release|Any CPU
		{FE6BE38E-B048-476B-977C-56A150A47763}.Release|Any CPU.Build.0 = Release|Any CPU
		{1D1EBC6A-70C2-4280-8B35-F089DCC00E77}.Debug|Any CPU.ActiveCfg = Debug|Any CPU
		{1D1EBC6A-70C2-4280-8B35-F089DCC00E77}.Debug|Any CPU.Build.0 = Debug|Any CPU
		{1D1EBC6A-70C2-4280-8B35-F089DCC00E77}.Release|Any CPU.ActiveCfg = Release|Any CPU
		{1D1EBC6A-70C2-4280-8B35-F089DCC00E77}.Release|Any CPU.Build.0 = Release|Any CPU
		{4689C962-4636-4A08-9661-BE1BA9DF55D9}.Debug|Any CPU.ActiveCfg = Debug|Any CPU
		{4689C962-4636-4A08-9661-BE1BA9DF55D9}.Debug|Any CPU.Build.0 = Debug|Any CPU
		{4689C962-4636-4A08-9661-BE1BA9DF55D9}.Release|Any CPU.ActiveCfg = Release|Any CPU
		{4689C962-4636-4A08-9661-BE1BA9DF55D9}.Release|Any CPU.Build.0 = Release|Any CPU
		{E8B3F9E6-E029-4841-9358-CD0D9F556D37}.Debug|Any CPU.ActiveCfg = Debug|Any CPU
		{E8B3F9E6-E029-4841-9358-CD0D9F556D37}.Debug|Any CPU.Build.0 = Debug|Any CPU
		{E8B3F9E6-E029-4841-9358-CD0D9F556D37}.Release|Any CPU.ActiveCfg = Release|Any CPU
		{E8B3F9E6-E029-4841-9358-CD0D9F556D37}.Release|Any CPU.Build.0 = Release|Any CPU
		{73FD54D1-E26E-4FF8-B5C2-047CCE730EA1}.Debug|Any CPU.ActiveCfg = Debug|Any CPU
		{73FD54D1-E26E-4FF8-B5C2-047CCE730EA1}.Debug|Any CPU.Build.0 = Debug|Any CPU
		{73FD54D1-E26E-4FF8-B5C2-047CCE730EA1}.Release|Any CPU.ActiveCfg = Release|Any CPU
		{73FD54D1-E26E-4FF8-B5C2-047CCE730EA1}.Release|Any CPU.Build.0 = Release|Any CPU
		{FAD739A0-0695-4F0C-8136-3339DE6B4022}.Debug|Any CPU.ActiveCfg = Debug|Any CPU
		{FAD739A0-0695-4F0C-8136-3339DE6B4022}.Debug|Any CPU.Build.0 = Debug|Any CPU
		{FAD739A0-0695-4F0C-8136-3339DE6B4022}.Release|Any CPU.ActiveCfg = Release|Any CPU
		{FAD739A0-0695-4F0C-8136-3339DE6B4022}.Release|Any CPU.Build.0 = Release|Any CPU
		{DD34E39B-FFC9-4BC0-9F15-76DE838CF2B4}.Debug|Any CPU.ActiveCfg = Debug|Any CPU
		{DD34E39B-FFC9-4BC0-9F15-76DE838CF2B4}.Debug|Any CPU.Build.0 = Debug|Any CPU
		{DD34E39B-FFC9-4BC0-9F15-76DE838CF2B4}.Release|Any CPU.ActiveCfg = Release|Any CPU
		{DD34E39B-FFC9-4BC0-9F15-76DE838CF2B4}.Release|Any CPU.Build.0 = Release|Any CPU
		{BB0D9F62-28C9-489F-92EF-A5A37C9A9074}.Debug|Any CPU.ActiveCfg = Debug|Any CPU
		{BB0D9F62-28C9-489F-92EF-A5A37C9A9074}.Debug|Any CPU.Build.0 = Debug|Any CPU
		{BB0D9F62-28C9-489F-92EF-A5A37C9A9074}.Release|Any CPU.ActiveCfg = Release|Any CPU
		{BB0D9F62-28C9-489F-92EF-A5A37C9A9074}.Release|Any CPU.Build.0 = Release|Any CPU
		{622DD475-E622-4E8C-809F-58B0781D56FF}.Debug|Any CPU.ActiveCfg = Debug|Any CPU
		{622DD475-E622-4E8C-809F-58B0781D56FF}.Debug|Any CPU.Build.0 = Debug|Any CPU
		{622DD475-E622-4E8C-809F-58B0781D56FF}.Release|Any CPU.ActiveCfg = Release|Any CPU
		{622DD475-E622-4E8C-809F-58B0781D56FF}.Release|Any CPU.Build.0 = Release|Any CPU
		{8BA5FD61-282B-489F-AF7F-B6CBD1DA7F68}.Debug|Any CPU.ActiveCfg = Debug|Any CPU
		{8BA5FD61-282B-489F-AF7F-B6CBD1DA7F68}.Debug|Any CPU.Build.0 = Debug|Any CPU
		{8BA5FD61-282B-489F-AF7F-B6CBD1DA7F68}.Release|Any CPU.ActiveCfg = Release|Any CPU
		{8BA5FD61-282B-489F-AF7F-B6CBD1DA7F68}.Release|Any CPU.Build.0 = Release|Any CPU
		{6B67F2C3-FB00-482F-B420-8A139C61AF30}.Debug|Any CPU.ActiveCfg = Debug|Any CPU
		{6B67F2C3-FB00-482F-B420-8A139C61AF30}.Debug|Any CPU.Build.0 = Debug|Any CPU
		{6B67F2C3-FB00-482F-B420-8A139C61AF30}.Release|Any CPU.ActiveCfg = Release|Any CPU
		{6B67F2C3-FB00-482F-B420-8A139C61AF30}.Release|Any CPU.Build.0 = Release|Any CPU
	EndGlobalSection
	GlobalSection(SolutionProperties) = preSolution
		HideSolutionNode = FALSE
	EndGlobalSection
	GlobalSection(ExtensibilityGlobals) = postSolution
		SolutionGuid = {997AE97B-19FD-4593-B0F2-17F187D5E1A3}
	EndGlobalSection
EndGlobal
